
Microsoft Visual Studio Solution File, Format Version 12.00
# Visual Studio 2013
VisualStudioVersion = 12.0.21005.1
MinimumVisualStudioVersion = 10.0.40219.1
Project("{FAE04EC0-301F-11D3-BF4B-00C04F79EFBC}") = "Bài 2", "Bài 2\Bài 2.csproj", "{9FEDBB81-88E2-4263-91DC-8E16078F2C20}"
EndProject
Project("{FAE04EC0-301F-11D3-BF4B-00C04F79EFBC}") = "UnitTestProject1", "UnitTestProject1\UnitTestProject1.csproj", "{6343AF6F-A34C-46E4-8F8E-6A8AC6170124}"
EndProject
Global
	GlobalSection(SolutionConfigurationPlatforms) = preSolution
		Debug|Any CPU = Debug|Any CPU
		Release|Any CPU = Release|Any CPU
	EndGlobalSection
	GlobalSection(ProjectConfigurationPlatforms) = postSolution
		{9FEDBB81-88E2-4263-91DC-8E16078F2C20}.Debug|Any CPU.ActiveCfg = Debug|Any CPU
		{9FEDBB81-88E2-4263-91DC-8E16078F2C20}.Debug|Any CPU.Build.0 = Debug|Any CPU
		{9FEDBB81-88E2-4263-91DC-8E16078F2C20}.Release|Any CPU.ActiveCfg = Release|Any CPU
		{9FEDBB81-88E2-4263-91DC-8E16078F2C20}.Release|Any CPU.Build.0 = Release|Any CPU
		{6343AF6F-A34C-46E4-8F8E-6A8AC6170124}.Debug|Any CPU.ActiveCfg = Debug|Any CPU
		{6343AF6F-A34C-46E4-8F8E-6A8AC6170124}.Debug|Any CPU.Build.0 = Debug|Any CPU
		{6343AF6F-A34C-46E4-8F8E-6A8AC6170124}.Release|Any CPU.ActiveCfg = Release|Any CPU
		{6343AF6F-A34C-46E4-8F8E-6A8AC6170124}.Release|Any CPU.Build.0 = Release|Any CPU
	EndGlobalSection
	GlobalSection(SolutionProperties) = preSolution
		HideSolutionNode = FALSE
	EndGlobalSection
EndGlobal
